
Microsoft Visual Studio Solution File, Format Version 12.00
Project("{FAE04EC0-301F-11D3-BF4B-00C04F79EFBC}") = "CSharpChatSystem.Server", "CSharpChatSystem.Server\CSharpChatSystem.Server.csproj", "{2EF94E45-6F6E-4E72-BB3D-3906E1730048}"
EndProject
Project("{FAE04EC0-301F-11D3-BF4B-00C04F79EFBC}") = "CSharpChatSystem.Client", "CSharpChatSystem.Client\CSharpChatSystem.Client.csproj", "{91AB1080-E4EB-4657-B906-C014200C6DBB}"
EndProject
Project("{FAE04EC0-301F-11D3-BF4B-00C04F79EFBC}") = "CSharpChatSystem.Shared", "CSharpChatSystem.Shared\CSharpChatSystem.Shared.csproj", "{5AA8230C-9240-4818-87C5-858BB9E13468}"
EndProject
Global
	GlobalSection(SolutionConfigurationPlatforms) = preSolution
		Debug|Any CPU = Debug|Any CPU
		Release|Any CPU = Release|Any CPU
	EndGlobalSection
	GlobalSection(ProjectConfigurationPlatforms) = postSolution
		{2EF94E45-6F6E-4E72-BB3D-3906E1730048}.Debug|Any CPU.ActiveCfg = Debug|Any CPU
		{2EF94E45-6F6E-4E72-BB3D-3906E1730048}.Debug|Any CPU.Build.0 = Debug|Any CPU
		{2EF94E45-6F6E-4E72-BB3D-3906E1730048}.Release|Any CPU.ActiveCfg = Release|Any CPU
		{2EF94E45-6F6E-4E72-BB3D-3906E1730048}.Release|Any CPU.Build.0 = Release|Any CPU
		{91AB1080-E4EB-4657-B906-C014200C6DBB}.Debug|Any CPU.ActiveCfg = Debug|Any CPU
		{91AB1080-E4EB-4657-B906-C014200C6DBB}.Debug|Any CPU.Build.0 = Debug|Any CPU
		{91AB1080-E4EB-4657-B906-C014200C6DBB}.Release|Any CPU.ActiveCfg = Release|Any CPU
		{91AB1080-E4EB-4657-B906-C014200C6DBB}.Release|Any CPU.Build.0 = Release|Any CPU
		{5AA8230C-9240-4818-87C5-858BB9E13468}.Debug|Any CPU.ActiveCfg = Debug|Any CPU
		{5AA8230C-9240-4818-87C5-858BB9E13468}.Debug|Any CPU.Build.0 = Debug|Any CPU
		{5AA8230C-9240-4818-87C5-858BB9E13468}.Release|Any CPU.ActiveCfg = Release|Any CPU
		{5AA8230C-9240-4818-87C5-858BB9E13468}.Release|Any CPU.Build.0 = Release|Any CPU
	EndGlobalSection
EndGlobal
